
Microsoft Visual Studio Solution File, Format Version 12.00
# Visual Studio 15
VisualStudioVersion = 15.0.26124.0
MinimumVisualStudioVersion = 15.0.26124.0
Project("{2150E333-8FDC-42A3-9474-1A3956D46DE8}") = "Code", "Code", "{272AE282-C5D3-4E08-8C75-73BCC94E470E}"
EndProject
Project("{FAE04EC0-301F-11D3-BF4B-00C04F79EFBC}") = "dotnetmssql.Api", "Code\dotnetmssql.Api\dotnetmssql.Api.csproj", "{3AF06A54-8D96-4F52-97AA-548FBFC1AE2A}"
EndProject
Project("{FAE04EC0-301F-11D3-BF4B-00C04F79EFBC}") = "dotnetmssql.Business", "Code\dotnetmssql.Business\dotnetmssql.Business.csproj", "{C79C6E04-8309-4136-A309-923279AB2891}"
EndProject
Project("{FAE04EC0-301F-11D3-BF4B-00C04F79EFBC}") = "dotnetmssql.Data", "Code\dotnetmssql.Data\dotnetmssql.Data.csproj", "{20E280E7-F402-4148-A026-E0A3F498CF3F}"
EndProject
Project("{FAE04EC0-301F-11D3-BF4B-00C04F79EFBC}") = "dotnetmssql.Entities", "Code\dotnetmssql.Entities\dotnetmssql.Entities.csproj", "{4BDBE4C6-409F-4711-99E3-39E49E78DA73}"
EndProject
Project("{FAE04EC0-301F-11D3-BF4B-00C04F79EFBC}") = "dotnetmssql.Test.Api", "Code\dotnetmssql.Test.Api\dotnetmssql.Test.Api.csproj", "{79491C9F-7B14-476A-AC33-EE7CA487E9CB}"
EndProject
Project("{FAE04EC0-301F-11D3-BF4B-00C04F79EFBC}") = "dotnetmssql.Test.Business", "Code\dotnetmssql.Test.Business\dotnetmssql.Test.Business.csproj", "{F99924F6-1578-4951-A9F6-9AF4B39F8E86}"
EndProject
Project("{FAE04EC0-301F-11D3-BF4B-00C04F79EFBC}") = "dotnetmssql.Test.Framework", "Code\dotnetmssql.Test.Framework\dotnetmssql.Test.Framework.csproj", "{86C919F6-0D73-4494-936D-BD989B924EED}"
EndProject
Project("{2150E333-8FDC-42A3-9474-1A3956D46DE8}") = "Test", "Test", "{F0485CC8-0784-4D69-BCF1-90BD53228927}"
EndProject
Global
	GlobalSection(SolutionConfigurationPlatforms) = preSolution
		Debug|Any CPU = Debug|Any CPU
		Debug|x64 = Debug|x64
		Debug|x86 = Debug|x86
		Release|Any CPU = Release|Any CPU
		Release|x64 = Release|x64
		Release|x86 = Release|x86
	EndGlobalSection
	GlobalSection(SolutionProperties) = preSolution
		HideSolutionNode = FALSE
	EndGlobalSection
	GlobalSection(ProjectConfigurationPlatforms) = postSolution
		{3AF06A54-8D96-4F52-97AA-548FBFC1AE2A}.Debug|Any CPU.ActiveCfg = Debug|Any CPU
		{3AF06A54-8D96-4F52-97AA-548FBFC1AE2A}.Debug|Any CPU.Build.0 = Debug|Any CPU
		{3AF06A54-8D96-4F52-97AA-548FBFC1AE2A}.Debug|x64.ActiveCfg = Debug|Any CPU
		{3AF06A54-8D96-4F52-97AA-548FBFC1AE2A}.Debug|x64.Build.0 = Debug|Any CPU
		{3AF06A54-8D96-4F52-97AA-548FBFC1AE2A}.Debug|x86.ActiveCfg = Debug|Any CPU
		{3AF06A54-8D96-4F52-97AA-548FBFC1AE2A}.Debug|x86.Build.0 = Debug|Any CPU
		{3AF06A54-8D96-4F52-97AA-548FBFC1AE2A}.Release|Any CPU.ActiveCfg = Release|Any CPU
		{3AF06A54-8D96-4F52-97AA-548FBFC1AE2A}.Release|Any CPU.Build.0 = Release|Any CPU
		{3AF06A54-8D96-4F52-97AA-548FBFC1AE2A}.Release|x64.ActiveCfg = Release|Any CPU
		{3AF06A54-8D96-4F52-97AA-548FBFC1AE2A}.Release|x64.Build.0 = Release|Any CPU
		{3AF06A54-8D96-4F52-97AA-548FBFC1AE2A}.Release|x86.ActiveCfg = Release|Any CPU
		{3AF06A54-8D96-4F52-97AA-548FBFC1AE2A}.Release|x86.Build.0 = Release|Any CPU
		{C79C6E04-8309-4136-A309-923279AB2891}.Debug|Any CPU.ActiveCfg = Debug|Any CPU
		{C79C6E04-8309-4136-A309-923279AB2891}.Debug|Any CPU.Build.0 = Debug|Any CPU
		{C79C6E04-8309-4136-A309-923279AB2891}.Debug|x64.ActiveCfg = Debug|Any CPU
		{C79C6E04-8309-4136-A309-923279AB2891}.Debug|x64.Build.0 = Debug|Any CPU
		{C79C6E04-8309-4136-A309-923279AB2891}.Debug|x86.ActiveCfg = Debug|Any CPU
		{C79C6E04-8309-4136-A309-923279AB2891}.Debug|x86.Build.0 = Debug|Any CPU
		{C79C6E04-8309-4136-A309-923279AB2891}.Release|Any CPU.ActiveCfg = Release|Any CPU
		{C79C6E04-8309-4136-A309-923279AB2891}.Release|Any CPU.Build.0 = Release|Any CPU
		{C79C6E04-8309-4136-A309-923279AB2891}.Release|x64.ActiveCfg = Release|Any CPU
		{C79C6E04-8309-4136-A309-923279AB2891}.Release|x64.Build.0 = Release|Any CPU
		{C79C6E04-8309-4136-A309-923279AB2891}.Release|x86.ActiveCfg = Release|Any CPU
		{C79C6E04-8309-4136-A309-923279AB2891}.Release|x86.Build.0 = Release|Any CPU
		{20E280E7-F402-4148-A026-E0A3F498CF3F}.Debug|Any CPU.ActiveCfg = Debug|Any CPU
		{20E280E7-F402-4148-A026-E0A3F498CF3F}.Debug|Any CPU.Build.0 = Debug|Any CPU
		{20E280E7-F402-4148-A026-E0A3F498CF3F}.Debug|x64.ActiveCfg = Debug|Any CPU
		{20E280E7-F402-4148-A026-E0A3F498CF3F}.Debug|x64.Build.0 = Debug|Any CPU
		{20E280E7-F402-4148-A026-E0A3F498CF3F}.Debug|x86.ActiveCfg = Debug|Any CPU
		{20E280E7-F402-4148-A026-E0A3F498CF3F}.Debug|x86.Build.0 = Debug|Any CPU
		{20E280E7-F402-4148-A026-E0A3F498CF3F}.Release|Any CPU.ActiveCfg = Release|Any CPU
		{20E280E7-F402-4148-A026-E0A3F498CF3F}.Release|Any CPU.Build.0 = Release|Any CPU
		{20E280E7-F402-4148-A026-E0A3F498CF3F}.Release|x64.ActiveCfg = Release|Any CPU
		{20E280E7-F402-4148-A026-E0A3F498CF3F}.Release|x64.Build.0 = Release|Any CPU
		{20E280E7-F402-4148-A026-E0A3F498CF3F}.Release|x86.ActiveCfg = Release|Any CPU
		{20E280E7-F402-4148-A026-E0A3F498CF3F}.Release|x86.Build.0 = Release|Any CPU
		{4BDBE4C6-409F-4711-99E3-39E49E78DA73}.Debug|Any CPU.ActiveCfg = Debug|Any CPU
		{4BDBE4C6-409F-4711-99E3-39E49E78DA73}.Debug|Any CPU.Build.0 = Debug|Any CPU
		{4BDBE4C6-409F-4711-99E3-39E49E78DA73}.Debug|x64.ActiveCfg = Debug|Any CPU
		{4BDBE4C6-409F-4711-99E3-39E49E78DA73}.Debug|x64.Build.0 = Debug|Any CPU
		{4BDBE4C6-409F-4711-99E3-39E49E78DA73}.Debug|x86.ActiveCfg = Debug|Any CPU
		{4BDBE4C6-409F-4711-99E3-39E49E78DA73}.Debug|x86.Build.0 = Debug|Any CPU
		{4BDBE4C6-409F-4711-99E3-39E49E78DA73}.Release|Any CPU.ActiveCfg = Release|Any CPU
		{4BDBE4C6-409F-4711-99E3-39E49E78DA73}.Release|Any CPU.Build.0 = Release|Any CPU
		{4BDBE4C6-409F-4711-99E3-39E49E78DA73}.Release|x64.ActiveCfg = Release|Any CPU
		{4BDBE4C6-409F-4711-99E3-39E49E78DA73}.Release|x64.Build.0 = Release|Any CPU
		{4BDBE4C6-409F-4711-99E3-39E49E78DA73}.Release|x86.ActiveCfg = Release|Any CPU
		{4BDBE4C6-409F-4711-99E3-39E49E78DA73}.Release|x86.Build.0 = Release|Any CPU
		{79491C9F-7B14-476A-AC33-EE7CA487E9CB}.Debug|Any CPU.ActiveCfg = Debug|Any CPU
		{79491C9F-7B14-476A-AC33-EE7CA487E9CB}.Debug|Any CPU.Build.0 = Debug|Any CPU
		{79491C9F-7B14-476A-AC33-EE7CA487E9CB}.Debug|x64.ActiveCfg = Debug|Any CPU
		{79491C9F-7B14-476A-AC33-EE7CA487E9CB}.Debug|x64.Build.0 = Debug|Any CPU
		{79491C9F-7B14-476A-AC33-EE7CA487E9CB}.Debug|x86.ActiveCfg = Debug|Any CPU
		{79491C9F-7B14-476A-AC33-EE7CA487E9CB}.Debug|x86.Build.0 = Debug|Any CPU
		{79491C9F-7B14-476A-AC33-EE7CA487E9CB}.Release|Any CPU.ActiveCfg = Release|Any CPU
		{79491C9F-7B14-476A-AC33-EE7CA487E9CB}.Release|Any CPU.Build.0 = Release|Any CPU
		{79491C9F-7B14-476A-AC33-EE7CA487E9CB}.Release|x64.ActiveCfg = Release|Any CPU
		{79491C9F-7B14-476A-AC33-EE7CA487E9CB}.Release|x64.Build.0 = Release|Any CPU
		{79491C9F-7B14-476A-AC33-EE7CA487E9CB}.Release|x86.ActiveCfg = Release|Any CPU
		{79491C9F-7B14-476A-AC33-EE7CA487E9CB}.Release|x86.Build.0 = Release|Any CPU
		{F99924F6-1578-4951-A9F6-9AF4B39F8E86}.Debug|Any CPU.ActiveCfg = Debug|Any CPU
		{F99924F6-1578-4951-A9F6-9AF4B39F8E86}.Debug|Any CPU.Build.0 = Debug|Any CPU
		{F99924F6-1578-4951-A9F6-9AF4B39F8E86}.Debug|x64.ActiveCfg = Debug|Any CPU
		{F99924F6-1578-4951-A9F6-9AF4B39F8E86}.Debug|x64.Build.0 = Debug|Any CPU
		{F99924F6-1578-4951-A9F6-9AF4B39F8E86}.Debug|x86.ActiveCfg = Debug|Any CPU
		{F99924F6-1578-4951-A9F6-9AF4B39F8E86}.Debug|x86.Build.0 = Debug|Any CPU
		{F99924F6-1578-4951-A9F6-9AF4B39F8E86}.Release|Any CPU.ActiveCfg = Release|Any CPU
		{F99924F6-1578-4951-A9F6-9AF4B39F8E86}.Release|Any CPU.Build.0 = Release|Any CPU
		{F99924F6-1578-4951-A9F6-9AF4B39F8E86}.Release|x64.ActiveCfg = Release|Any CPU
		{F99924F6-1578-4951-A9F6-9AF4B39F8E86}.Release|x64.Build.0 = Release|Any CPU
		{F99924F6-1578-4951-A9F6-9AF4B39F8E86}.Release|x86.ActiveCfg = Release|Any CPU
		{F99924F6-1578-4951-A9F6-9AF4B39F8E86}.Release|x86.Build.0 = Release|Any CPU
		{86C919F6-0D73-4494-936D-BD989B924EED}.Debug|Any CPU.ActiveCfg = Debug|Any CPU
		{86C919F6-0D73-4494-936D-BD989B924EED}.Debug|Any CPU.Build.0 = Debug|Any CPU
		{86C919F6-0D73-4494-936D-BD989B924EED}.Debug|x64.ActiveCfg = Debug|Any CPU
		{86C919F6-0D73-4494-936D-BD989B924EED}.Debug|x64.Build.0 = Debug|Any CPU
		{86C919F6-0D73-4494-936D-BD989B924EED}.Debug|x86.ActiveCfg = Debug|Any CPU
		{86C919F6-0D73-4494-936D-BD989B924EED}.Debug|x86.Build.0 = Debug|Any CPU
		{86C919F6-0D73-4494-936D-BD989B924EED}.Release|Any CPU.ActiveCfg = Release|Any CPU
		{86C919F6-0D73-4494-936D-BD989B924EED}.Release|Any CPU.Build.0 = Release|Any CPU
		{86C919F6-0D73-4494-936D-BD989B924EED}.Release|x64.ActiveCfg = Release|Any CPU
		{86C919F6-0D73-4494-936D-BD989B924EED}.Release|x64.Build.0 = Release|Any CPU
		{86C919F6-0D73-4494-936D-BD989B924EED}.Release|x86.ActiveCfg = Release|Any CPU
		{86C919F6-0D73-4494-936D-BD989B924EED}.Release|x86.Build.0 = Release|Any CPU
	EndGlobalSection
	GlobalSection(NestedProjects) = preSolution
		{3AF06A54-8D96-4F52-97AA-548FBFC1AE2A} = {272AE282-C5D3-4E08-8C75-73BCC94E470E}
		{C79C6E04-8309-4136-A309-923279AB2891} = {272AE282-C5D3-4E08-8C75-73BCC94E470E}
		{20E280E7-F402-4148-A026-E0A3F498CF3F} = {272AE282-C5D3-4E08-8C75-73BCC94E470E}
		{4BDBE4C6-409F-4711-99E3-39E49E78DA73} = {272AE282-C5D3-4E08-8C75-73BCC94E470E}
		{79491C9F-7B14-476A-AC33-EE7CA487E9CB} = {F0485CC8-0784-4D69-BCF1-90BD53228927}
		{F99924F6-1578-4951-A9F6-9AF4B39F8E86} = {F0485CC8-0784-4D69-BCF1-90BD53228927}
		{86C919F6-0D73-4494-936D-BD989B924EED} = {F0485CC8-0784-4D69-BCF1-90BD53228927}
	EndGlobalSection
EndGlobal
