
Microsoft Visual Studio Solution File, Format Version 12.00
# Visual Studio 15
VisualStudioVersion = 15.0.26124.0
MinimumVisualStudioVersion = 15.0.26124.0
Project("{2150E333-8FDC-42A3-9474-1A3956D46DE8}") = "Code", "Code", "{3F853D68-0D7B-4BDE-849B-94913C89F354}"
EndProject
Project("{FAE04EC0-301F-11D3-BF4B-00C04F79EFBC}") = "validator.Api", "Code\validator.Api\validator.Api.csproj", "{29EDE16E-505A-4A61-A28F-E4646BFB3078}"
EndProject
Project("{FAE04EC0-301F-11D3-BF4B-00C04F79EFBC}") = "validator.Business", "Code\validator.Business\validator.Business.csproj", "{B3FEBCAD-8E33-4854-AB0D-D3C366A53C34}"
EndProject
Project("{FAE04EC0-301F-11D3-BF4B-00C04F79EFBC}") = "validator.Data", "Code\validator.Data\validator.Data.csproj", "{CD17948E-EF95-4B73-9B74-87B63B815465}"
EndProject
Project("{FAE04EC0-301F-11D3-BF4B-00C04F79EFBC}") = "validator.Entities", "Code\validator.Entities\validator.Entities.csproj", "{8134B104-782B-4809-A84B-9FE03B87BF09}"
EndProject
Project("{FAE04EC0-301F-11D3-BF4B-00C04F79EFBC}") = "validator.Test.Api", "Code\validator.Test.Api\validator.Test.Api.csproj", "{CD20D88B-1B87-4971-8100-EBB850B64CEC}"
EndProject
Project("{FAE04EC0-301F-11D3-BF4B-00C04F79EFBC}") = "validator.Test.Business", "Code\validator.Test.Business\validator.Test.Business.csproj", "{FB5ADD0D-D2FA-4E7C-8E8C-19CABBA8F364}"
EndProject
Project("{FAE04EC0-301F-11D3-BF4B-00C04F79EFBC}") = "validator.Test.Framework", "Code\validator.Test.Framework\validator.Test.Framework.csproj", "{B906CFF1-8890-4EAF-82E3-1C778DBD0922}"
EndProject
Project("{2150E333-8FDC-42A3-9474-1A3956D46DE8}") = "Test", "Test", "{B36150CB-73D4-4493-ADCC-3B9B4D82BCC5}"
EndProject
Global
	GlobalSection(SolutionConfigurationPlatforms) = preSolution
		Debug|Any CPU = Debug|Any CPU
		Debug|x64 = Debug|x64
		Debug|x86 = Debug|x86
		Release|Any CPU = Release|Any CPU
		Release|x64 = Release|x64
		Release|x86 = Release|x86
	EndGlobalSection
	GlobalSection(SolutionProperties) = preSolution
		HideSolutionNode = FALSE
	EndGlobalSection
	GlobalSection(ProjectConfigurationPlatforms) = postSolution
		{29EDE16E-505A-4A61-A28F-E4646BFB3078}.Debug|Any CPU.ActiveCfg = Debug|Any CPU
		{29EDE16E-505A-4A61-A28F-E4646BFB3078}.Debug|Any CPU.Build.0 = Debug|Any CPU
		{29EDE16E-505A-4A61-A28F-E4646BFB3078}.Debug|x64.ActiveCfg = Debug|Any CPU
		{29EDE16E-505A-4A61-A28F-E4646BFB3078}.Debug|x64.Build.0 = Debug|Any CPU
		{29EDE16E-505A-4A61-A28F-E4646BFB3078}.Debug|x86.ActiveCfg = Debug|Any CPU
		{29EDE16E-505A-4A61-A28F-E4646BFB3078}.Debug|x86.Build.0 = Debug|Any CPU
		{29EDE16E-505A-4A61-A28F-E4646BFB3078}.Release|Any CPU.ActiveCfg = Release|Any CPU
		{29EDE16E-505A-4A61-A28F-E4646BFB3078}.Release|Any CPU.Build.0 = Release|Any CPU
		{29EDE16E-505A-4A61-A28F-E4646BFB3078}.Release|x64.ActiveCfg = Release|Any CPU
		{29EDE16E-505A-4A61-A28F-E4646BFB3078}.Release|x64.Build.0 = Release|Any CPU
		{29EDE16E-505A-4A61-A28F-E4646BFB3078}.Release|x86.ActiveCfg = Release|Any CPU
		{29EDE16E-505A-4A61-A28F-E4646BFB3078}.Release|x86.Build.0 = Release|Any CPU
		{B3FEBCAD-8E33-4854-AB0D-D3C366A53C34}.Debug|Any CPU.ActiveCfg = Debug|Any CPU
		{B3FEBCAD-8E33-4854-AB0D-D3C366A53C34}.Debug|Any CPU.Build.0 = Debug|Any CPU
		{B3FEBCAD-8E33-4854-AB0D-D3C366A53C34}.Debug|x64.ActiveCfg = Debug|Any CPU
		{B3FEBCAD-8E33-4854-AB0D-D3C366A53C34}.Debug|x64.Build.0 = Debug|Any CPU
		{B3FEBCAD-8E33-4854-AB0D-D3C366A53C34}.Debug|x86.ActiveCfg = Debug|Any CPU
		{B3FEBCAD-8E33-4854-AB0D-D3C366A53C34}.Debug|x86.Build.0 = Debug|Any CPU
		{B3FEBCAD-8E33-4854-AB0D-D3C366A53C34}.Release|Any CPU.ActiveCfg = Release|Any CPU
		{B3FEBCAD-8E33-4854-AB0D-D3C366A53C34}.Release|Any CPU.Build.0 = Release|Any CPU
		{B3FEBCAD-8E33-4854-AB0D-D3C366A53C34}.Release|x64.ActiveCfg = Release|Any CPU
		{B3FEBCAD-8E33-4854-AB0D-D3C366A53C34}.Release|x64.Build.0 = Release|Any CPU
		{B3FEBCAD-8E33-4854-AB0D-D3C366A53C34}.Release|x86.ActiveCfg = Release|Any CPU
		{B3FEBCAD-8E33-4854-AB0D-D3C366A53C34}.Release|x86.Build.0 = Release|Any CPU
		{CD17948E-EF95-4B73-9B74-87B63B815465}.Debug|Any CPU.ActiveCfg = Debug|Any CPU
		{CD17948E-EF95-4B73-9B74-87B63B815465}.Debug|Any CPU.Build.0 = Debug|Any CPU
		{CD17948E-EF95-4B73-9B74-87B63B815465}.Debug|x64.ActiveCfg = Debug|Any CPU
		{CD17948E-EF95-4B73-9B74-87B63B815465}.Debug|x64.Build.0 = Debug|Any CPU
		{CD17948E-EF95-4B73-9B74-87B63B815465}.Debug|x86.ActiveCfg = Debug|Any CPU
		{CD17948E-EF95-4B73-9B74-87B63B815465}.Debug|x86.Build.0 = Debug|Any CPU
		{CD17948E-EF95-4B73-9B74-87B63B815465}.Release|Any CPU.ActiveCfg = Release|Any CPU
		{CD17948E-EF95-4B73-9B74-87B63B815465}.Release|Any CPU.Build.0 = Release|Any CPU
		{CD17948E-EF95-4B73-9B74-87B63B815465}.Release|x64.ActiveCfg = Release|Any CPU
		{CD17948E-EF95-4B73-9B74-87B63B815465}.Release|x64.Build.0 = Release|Any CPU
		{CD17948E-EF95-4B73-9B74-87B63B815465}.Release|x86.ActiveCfg = Release|Any CPU
		{CD17948E-EF95-4B73-9B74-87B63B815465}.Release|x86.Build.0 = Release|Any CPU
		{8134B104-782B-4809-A84B-9FE03B87BF09}.Debug|Any CPU.ActiveCfg = Debug|Any CPU
		{8134B104-782B-4809-A84B-9FE03B87BF09}.Debug|Any CPU.Build.0 = Debug|Any CPU
		{8134B104-782B-4809-A84B-9FE03B87BF09}.Debug|x64.ActiveCfg = Debug|Any CPU
		{8134B104-782B-4809-A84B-9FE03B87BF09}.Debug|x64.Build.0 = Debug|Any CPU
		{8134B104-782B-4809-A84B-9FE03B87BF09}.Debug|x86.ActiveCfg = Debug|Any CPU
		{8134B104-782B-4809-A84B-9FE03B87BF09}.Debug|x86.Build.0 = Debug|Any CPU
		{8134B104-782B-4809-A84B-9FE03B87BF09}.Release|Any CPU.ActiveCfg = Release|Any CPU
		{8134B104-782B-4809-A84B-9FE03B87BF09}.Release|Any CPU.Build.0 = Release|Any CPU
		{8134B104-782B-4809-A84B-9FE03B87BF09}.Release|x64.ActiveCfg = Release|Any CPU
		{8134B104-782B-4809-A84B-9FE03B87BF09}.Release|x64.Build.0 = Release|Any CPU
		{8134B104-782B-4809-A84B-9FE03B87BF09}.Release|x86.ActiveCfg = Release|Any CPU
		{8134B104-782B-4809-A84B-9FE03B87BF09}.Release|x86.Build.0 = Release|Any CPU
		{CD20D88B-1B87-4971-8100-EBB850B64CEC}.Debug|Any CPU.ActiveCfg = Debug|Any CPU
		{CD20D88B-1B87-4971-8100-EBB850B64CEC}.Debug|Any CPU.Build.0 = Debug|Any CPU
		{CD20D88B-1B87-4971-8100-EBB850B64CEC}.Debug|x64.ActiveCfg = Debug|Any CPU
		{CD20D88B-1B87-4971-8100-EBB850B64CEC}.Debug|x64.Build.0 = Debug|Any CPU
		{CD20D88B-1B87-4971-8100-EBB850B64CEC}.Debug|x86.ActiveCfg = Debug|Any CPU
		{CD20D88B-1B87-4971-8100-EBB850B64CEC}.Debug|x86.Build.0 = Debug|Any CPU
		{CD20D88B-1B87-4971-8100-EBB850B64CEC}.Release|Any CPU.ActiveCfg = Release|Any CPU
		{CD20D88B-1B87-4971-8100-EBB850B64CEC}.Release|Any CPU.Build.0 = Release|Any CPU
		{CD20D88B-1B87-4971-8100-EBB850B64CEC}.Release|x64.ActiveCfg = Release|Any CPU
		{CD20D88B-1B87-4971-8100-EBB850B64CEC}.Release|x64.Build.0 = Release|Any CPU
		{CD20D88B-1B87-4971-8100-EBB850B64CEC}.Release|x86.ActiveCfg = Release|Any CPU
		{CD20D88B-1B87-4971-8100-EBB850B64CEC}.Release|x86.Build.0 = Release|Any CPU
		{FB5ADD0D-D2FA-4E7C-8E8C-19CABBA8F364}.Debug|Any CPU.ActiveCfg = Debug|Any CPU
		{FB5ADD0D-D2FA-4E7C-8E8C-19CABBA8F364}.Debug|Any CPU.Build.0 = Debug|Any CPU
		{FB5ADD0D-D2FA-4E7C-8E8C-19CABBA8F364}.Debug|x64.ActiveCfg = Debug|Any CPU
		{FB5ADD0D-D2FA-4E7C-8E8C-19CABBA8F364}.Debug|x64.Build.0 = Debug|Any CPU
		{FB5ADD0D-D2FA-4E7C-8E8C-19CABBA8F364}.Debug|x86.ActiveCfg = Debug|Any CPU
		{FB5ADD0D-D2FA-4E7C-8E8C-19CABBA8F364}.Debug|x86.Build.0 = Debug|Any CPU
		{FB5ADD0D-D2FA-4E7C-8E8C-19CABBA8F364}.Release|Any CPU.ActiveCfg = Release|Any CPU
		{FB5ADD0D-D2FA-4E7C-8E8C-19CABBA8F364}.Release|Any CPU.Build.0 = Release|Any CPU
		{FB5ADD0D-D2FA-4E7C-8E8C-19CABBA8F364}.Release|x64.ActiveCfg = Release|Any CPU
		{FB5ADD0D-D2FA-4E7C-8E8C-19CABBA8F364}.Release|x64.Build.0 = Release|Any CPU
		{FB5ADD0D-D2FA-4E7C-8E8C-19CABBA8F364}.Release|x86.ActiveCfg = Release|Any CPU
		{FB5ADD0D-D2FA-4E7C-8E8C-19CABBA8F364}.Release|x86.Build.0 = Release|Any CPU
		{B906CFF1-8890-4EAF-82E3-1C778DBD0922}.Debug|Any CPU.ActiveCfg = Debug|Any CPU
		{B906CFF1-8890-4EAF-82E3-1C778DBD0922}.Debug|Any CPU.Build.0 = Debug|Any CPU
		{B906CFF1-8890-4EAF-82E3-1C778DBD0922}.Debug|x64.ActiveCfg = Debug|Any CPU
		{B906CFF1-8890-4EAF-82E3-1C778DBD0922}.Debug|x64.Build.0 = Debug|Any CPU
		{B906CFF1-8890-4EAF-82E3-1C778DBD0922}.Debug|x86.ActiveCfg = Debug|Any CPU
		{B906CFF1-8890-4EAF-82E3-1C778DBD0922}.Debug|x86.Build.0 = Debug|Any CPU
		{B906CFF1-8890-4EAF-82E3-1C778DBD0922}.Release|Any CPU.ActiveCfg = Release|Any CPU
		{B906CFF1-8890-4EAF-82E3-1C778DBD0922}.Release|Any CPU.Build.0 = Release|Any CPU
		{B906CFF1-8890-4EAF-82E3-1C778DBD0922}.Release|x64.ActiveCfg = Release|Any CPU
		{B906CFF1-8890-4EAF-82E3-1C778DBD0922}.Release|x64.Build.0 = Release|Any CPU
		{B906CFF1-8890-4EAF-82E3-1C778DBD0922}.Release|x86.ActiveCfg = Release|Any CPU
		{B906CFF1-8890-4EAF-82E3-1C778DBD0922}.Release|x86.Build.0 = Release|Any CPU
	EndGlobalSection
	GlobalSection(NestedProjects) = preSolution
		{29EDE16E-505A-4A61-A28F-E4646BFB3078} = {3F853D68-0D7B-4BDE-849B-94913C89F354}
		{B3FEBCAD-8E33-4854-AB0D-D3C366A53C34} = {3F853D68-0D7B-4BDE-849B-94913C89F354}
		{CD17948E-EF95-4B73-9B74-87B63B815465} = {3F853D68-0D7B-4BDE-849B-94913C89F354}
		{8134B104-782B-4809-A84B-9FE03B87BF09} = {3F853D68-0D7B-4BDE-849B-94913C89F354}
		{CD20D88B-1B87-4971-8100-EBB850B64CEC} = {B36150CB-73D4-4493-ADCC-3B9B4D82BCC5}
		{FB5ADD0D-D2FA-4E7C-8E8C-19CABBA8F364} = {B36150CB-73D4-4493-ADCC-3B9B4D82BCC5}
		{B906CFF1-8890-4EAF-82E3-1C778DBD0922} = {B36150CB-73D4-4493-ADCC-3B9B4D82BCC5}
	EndGlobalSection
EndGlobal
