
Microsoft Visual Studio Solution File, Format Version 12.00
# Visual Studio 15
VisualStudioVersion = 15.0.26124.0
MinimumVisualStudioVersion = 15.0.26124.0
Project("{2150E333-8FDC-42A3-9474-1A3956D46DE8}") = "Code", "Code", "{20182006-78A5-414A-9872-B1AC83AB5186}"
EndProject
Project("{FAE04EC0-301F-11D3-BF4B-00C04F79EFBC}") = "withOpentelem.Api", "Code\withOpentelem.Api\withOpentelem.Api.csproj", "{3487791C-5C49-4DDA-A802-33EE0F8CB2AE}"
EndProject
Project("{FAE04EC0-301F-11D3-BF4B-00C04F79EFBC}") = "withOpentelem.Business", "Code\withOpentelem.Business\withOpentelem.Business.csproj", "{8AA3B3F6-9BFD-40E4-886B-E01E98269D98}"
EndProject
Project("{FAE04EC0-301F-11D3-BF4B-00C04F79EFBC}") = "withOpentelem.Data", "Code\withOpentelem.Data\withOpentelem.Data.csproj", "{136E9844-50B7-4B0F-9960-3BFBF4206000}"
EndProject
Project("{FAE04EC0-301F-11D3-BF4B-00C04F79EFBC}") = "withOpentelem.Entities", "Code\withOpentelem.Entities\withOpentelem.Entities.csproj", "{E46350B3-3552-492B-9910-8ED4904B47BF}"
EndProject
Project("{FAE04EC0-301F-11D3-BF4B-00C04F79EFBC}") = "withOpentelem.Test.Api", "Code\withOpentelem.Test.Api\withOpentelem.Test.Api.csproj", "{AACAAD6C-5D86-4871-B800-D374D4DCABB3}"
EndProject
Project("{FAE04EC0-301F-11D3-BF4B-00C04F79EFBC}") = "withOpentelem.Test.Business", "Code\withOpentelem.Test.Business\withOpentelem.Test.Business.csproj", "{4CFE4270-17D6-4A32-945F-BD2ED194ACF5}"
EndProject
Project("{FAE04EC0-301F-11D3-BF4B-00C04F79EFBC}") = "withOpentelem.Test.Framework", "Code\withOpentelem.Test.Framework\withOpentelem.Test.Framework.csproj", "{9266B7C9-2A4A-4AC2-BF9F-C4500DC6938D}"
EndProject
Project("{2150E333-8FDC-42A3-9474-1A3956D46DE8}") = "Test", "Test", "{39E80C39-2816-4EE3-A782-866D25F1C7E4}"
EndProject
Global
	GlobalSection(SolutionConfigurationPlatforms) = preSolution
		Debug|Any CPU = Debug|Any CPU
		Debug|x64 = Debug|x64
		Debug|x86 = Debug|x86
		Release|Any CPU = Release|Any CPU
		Release|x64 = Release|x64
		Release|x86 = Release|x86
	EndGlobalSection
	GlobalSection(SolutionProperties) = preSolution
		HideSolutionNode = FALSE
	EndGlobalSection
	GlobalSection(ProjectConfigurationPlatforms) = postSolution
		{3487791C-5C49-4DDA-A802-33EE0F8CB2AE}.Debug|Any CPU.ActiveCfg = Debug|Any CPU
		{3487791C-5C49-4DDA-A802-33EE0F8CB2AE}.Debug|Any CPU.Build.0 = Debug|Any CPU
		{3487791C-5C49-4DDA-A802-33EE0F8CB2AE}.Debug|x64.ActiveCfg = Debug|Any CPU
		{3487791C-5C49-4DDA-A802-33EE0F8CB2AE}.Debug|x64.Build.0 = Debug|Any CPU
		{3487791C-5C49-4DDA-A802-33EE0F8CB2AE}.Debug|x86.ActiveCfg = Debug|Any CPU
		{3487791C-5C49-4DDA-A802-33EE0F8CB2AE}.Debug|x86.Build.0 = Debug|Any CPU
		{3487791C-5C49-4DDA-A802-33EE0F8CB2AE}.Release|Any CPU.ActiveCfg = Release|Any CPU
		{3487791C-5C49-4DDA-A802-33EE0F8CB2AE}.Release|Any CPU.Build.0 = Release|Any CPU
		{3487791C-5C49-4DDA-A802-33EE0F8CB2AE}.Release|x64.ActiveCfg = Release|Any CPU
		{3487791C-5C49-4DDA-A802-33EE0F8CB2AE}.Release|x64.Build.0 = Release|Any CPU
		{3487791C-5C49-4DDA-A802-33EE0F8CB2AE}.Release|x86.ActiveCfg = Release|Any CPU
		{3487791C-5C49-4DDA-A802-33EE0F8CB2AE}.Release|x86.Build.0 = Release|Any CPU
		{8AA3B3F6-9BFD-40E4-886B-E01E98269D98}.Debug|Any CPU.ActiveCfg = Debug|Any CPU
		{8AA3B3F6-9BFD-40E4-886B-E01E98269D98}.Debug|Any CPU.Build.0 = Debug|Any CPU
		{8AA3B3F6-9BFD-40E4-886B-E01E98269D98}.Debug|x64.ActiveCfg = Debug|Any CPU
		{8AA3B3F6-9BFD-40E4-886B-E01E98269D98}.Debug|x64.Build.0 = Debug|Any CPU
		{8AA3B3F6-9BFD-40E4-886B-E01E98269D98}.Debug|x86.ActiveCfg = Debug|Any CPU
		{8AA3B3F6-9BFD-40E4-886B-E01E98269D98}.Debug|x86.Build.0 = Debug|Any CPU
		{8AA3B3F6-9BFD-40E4-886B-E01E98269D98}.Release|Any CPU.ActiveCfg = Release|Any CPU
		{8AA3B3F6-9BFD-40E4-886B-E01E98269D98}.Release|Any CPU.Build.0 = Release|Any CPU
		{8AA3B3F6-9BFD-40E4-886B-E01E98269D98}.Release|x64.ActiveCfg = Release|Any CPU
		{8AA3B3F6-9BFD-40E4-886B-E01E98269D98}.Release|x64.Build.0 = Release|Any CPU
		{8AA3B3F6-9BFD-40E4-886B-E01E98269D98}.Release|x86.ActiveCfg = Release|Any CPU
		{8AA3B3F6-9BFD-40E4-886B-E01E98269D98}.Release|x86.Build.0 = Release|Any CPU
		{136E9844-50B7-4B0F-9960-3BFBF4206000}.Debug|Any CPU.ActiveCfg = Debug|Any CPU
		{136E9844-50B7-4B0F-9960-3BFBF4206000}.Debug|Any CPU.Build.0 = Debug|Any CPU
		{136E9844-50B7-4B0F-9960-3BFBF4206000}.Debug|x64.ActiveCfg = Debug|Any CPU
		{136E9844-50B7-4B0F-9960-3BFBF4206000}.Debug|x64.Build.0 = Debug|Any CPU
		{136E9844-50B7-4B0F-9960-3BFBF4206000}.Debug|x86.ActiveCfg = Debug|Any CPU
		{136E9844-50B7-4B0F-9960-3BFBF4206000}.Debug|x86.Build.0 = Debug|Any CPU
		{136E9844-50B7-4B0F-9960-3BFBF4206000}.Release|Any CPU.ActiveCfg = Release|Any CPU
		{136E9844-50B7-4B0F-9960-3BFBF4206000}.Release|Any CPU.Build.0 = Release|Any CPU
		{136E9844-50B7-4B0F-9960-3BFBF4206000}.Release|x64.ActiveCfg = Release|Any CPU
		{136E9844-50B7-4B0F-9960-3BFBF4206000}.Release|x64.Build.0 = Release|Any CPU
		{136E9844-50B7-4B0F-9960-3BFBF4206000}.Release|x86.ActiveCfg = Release|Any CPU
		{136E9844-50B7-4B0F-9960-3BFBF4206000}.Release|x86.Build.0 = Release|Any CPU
		{E46350B3-3552-492B-9910-8ED4904B47BF}.Debug|Any CPU.ActiveCfg = Debug|Any CPU
		{E46350B3-3552-492B-9910-8ED4904B47BF}.Debug|Any CPU.Build.0 = Debug|Any CPU
		{E46350B3-3552-492B-9910-8ED4904B47BF}.Debug|x64.ActiveCfg = Debug|Any CPU
		{E46350B3-3552-492B-9910-8ED4904B47BF}.Debug|x64.Build.0 = Debug|Any CPU
		{E46350B3-3552-492B-9910-8ED4904B47BF}.Debug|x86.ActiveCfg = Debug|Any CPU
		{E46350B3-3552-492B-9910-8ED4904B47BF}.Debug|x86.Build.0 = Debug|Any CPU
		{E46350B3-3552-492B-9910-8ED4904B47BF}.Release|Any CPU.ActiveCfg = Release|Any CPU
		{E46350B3-3552-492B-9910-8ED4904B47BF}.Release|Any CPU.Build.0 = Release|Any CPU
		{E46350B3-3552-492B-9910-8ED4904B47BF}.Release|x64.ActiveCfg = Release|Any CPU
		{E46350B3-3552-492B-9910-8ED4904B47BF}.Release|x64.Build.0 = Release|Any CPU
		{E46350B3-3552-492B-9910-8ED4904B47BF}.Release|x86.ActiveCfg = Release|Any CPU
		{E46350B3-3552-492B-9910-8ED4904B47BF}.Release|x86.Build.0 = Release|Any CPU
		{AACAAD6C-5D86-4871-B800-D374D4DCABB3}.Debug|Any CPU.ActiveCfg = Debug|Any CPU
		{AACAAD6C-5D86-4871-B800-D374D4DCABB3}.Debug|Any CPU.Build.0 = Debug|Any CPU
		{AACAAD6C-5D86-4871-B800-D374D4DCABB3}.Debug|x64.ActiveCfg = Debug|Any CPU
		{AACAAD6C-5D86-4871-B800-D374D4DCABB3}.Debug|x64.Build.0 = Debug|Any CPU
		{AACAAD6C-5D86-4871-B800-D374D4DCABB3}.Debug|x86.ActiveCfg = Debug|Any CPU
		{AACAAD6C-5D86-4871-B800-D374D4DCABB3}.Debug|x86.Build.0 = Debug|Any CPU
		{AACAAD6C-5D86-4871-B800-D374D4DCABB3}.Release|Any CPU.ActiveCfg = Release|Any CPU
		{AACAAD6C-5D86-4871-B800-D374D4DCABB3}.Release|Any CPU.Build.0 = Release|Any CPU
		{AACAAD6C-5D86-4871-B800-D374D4DCABB3}.Release|x64.ActiveCfg = Release|Any CPU
		{AACAAD6C-5D86-4871-B800-D374D4DCABB3}.Release|x64.Build.0 = Release|Any CPU
		{AACAAD6C-5D86-4871-B800-D374D4DCABB3}.Release|x86.ActiveCfg = Release|Any CPU
		{AACAAD6C-5D86-4871-B800-D374D4DCABB3}.Release|x86.Build.0 = Release|Any CPU
		{4CFE4270-17D6-4A32-945F-BD2ED194ACF5}.Debug|Any CPU.ActiveCfg = Debug|Any CPU
		{4CFE4270-17D6-4A32-945F-BD2ED194ACF5}.Debug|Any CPU.Build.0 = Debug|Any CPU
		{4CFE4270-17D6-4A32-945F-BD2ED194ACF5}.Debug|x64.ActiveCfg = Debug|Any CPU
		{4CFE4270-17D6-4A32-945F-BD2ED194ACF5}.Debug|x64.Build.0 = Debug|Any CPU
		{4CFE4270-17D6-4A32-945F-BD2ED194ACF5}.Debug|x86.ActiveCfg = Debug|Any CPU
		{4CFE4270-17D6-4A32-945F-BD2ED194ACF5}.Debug|x86.Build.0 = Debug|Any CPU
		{4CFE4270-17D6-4A32-945F-BD2ED194ACF5}.Release|Any CPU.ActiveCfg = Release|Any CPU
		{4CFE4270-17D6-4A32-945F-BD2ED194ACF5}.Release|Any CPU.Build.0 = Release|Any CPU
		{4CFE4270-17D6-4A32-945F-BD2ED194ACF5}.Release|x64.ActiveCfg = Release|Any CPU
		{4CFE4270-17D6-4A32-945F-BD2ED194ACF5}.Release|x64.Build.0 = Release|Any CPU
		{4CFE4270-17D6-4A32-945F-BD2ED194ACF5}.Release|x86.ActiveCfg = Release|Any CPU
		{4CFE4270-17D6-4A32-945F-BD2ED194ACF5}.Release|x86.Build.0 = Release|Any CPU
		{9266B7C9-2A4A-4AC2-BF9F-C4500DC6938D}.Debug|Any CPU.ActiveCfg = Debug|Any CPU
		{9266B7C9-2A4A-4AC2-BF9F-C4500DC6938D}.Debug|Any CPU.Build.0 = Debug|Any CPU
		{9266B7C9-2A4A-4AC2-BF9F-C4500DC6938D}.Debug|x64.ActiveCfg = Debug|Any CPU
		{9266B7C9-2A4A-4AC2-BF9F-C4500DC6938D}.Debug|x64.Build.0 = Debug|Any CPU
		{9266B7C9-2A4A-4AC2-BF9F-C4500DC6938D}.Debug|x86.ActiveCfg = Debug|Any CPU
		{9266B7C9-2A4A-4AC2-BF9F-C4500DC6938D}.Debug|x86.Build.0 = Debug|Any CPU
		{9266B7C9-2A4A-4AC2-BF9F-C4500DC6938D}.Release|Any CPU.ActiveCfg = Release|Any CPU
		{9266B7C9-2A4A-4AC2-BF9F-C4500DC6938D}.Release|Any CPU.Build.0 = Release|Any CPU
		{9266B7C9-2A4A-4AC2-BF9F-C4500DC6938D}.Release|x64.ActiveCfg = Release|Any CPU
		{9266B7C9-2A4A-4AC2-BF9F-C4500DC6938D}.Release|x64.Build.0 = Release|Any CPU
		{9266B7C9-2A4A-4AC2-BF9F-C4500DC6938D}.Release|x86.ActiveCfg = Release|Any CPU
		{9266B7C9-2A4A-4AC2-BF9F-C4500DC6938D}.Release|x86.Build.0 = Release|Any CPU
	EndGlobalSection
	GlobalSection(NestedProjects) = preSolution
		{3487791C-5C49-4DDA-A802-33EE0F8CB2AE} = {20182006-78A5-414A-9872-B1AC83AB5186}
		{8AA3B3F6-9BFD-40E4-886B-E01E98269D98} = {20182006-78A5-414A-9872-B1AC83AB5186}
		{136E9844-50B7-4B0F-9960-3BFBF4206000} = {20182006-78A5-414A-9872-B1AC83AB5186}
		{E46350B3-3552-492B-9910-8ED4904B47BF} = {20182006-78A5-414A-9872-B1AC83AB5186}
		{AACAAD6C-5D86-4871-B800-D374D4DCABB3} = {39E80C39-2816-4EE3-A782-866D25F1C7E4}
		{4CFE4270-17D6-4A32-945F-BD2ED194ACF5} = {39E80C39-2816-4EE3-A782-866D25F1C7E4}
		{9266B7C9-2A4A-4AC2-BF9F-C4500DC6938D} = {39E80C39-2816-4EE3-A782-866D25F1C7E4}
	EndGlobalSection
EndGlobal
