
Microsoft Visual Studio Solution File, Format Version 12.00
# Visual Studio 15
VisualStudioVersion = 15.0.26124.0
MinimumVisualStudioVersion = 15.0.26124.0
Project("{2150E333-8FDC-42A3-9474-1A3956D46DE8}") = "Code", "Code", "{B9CDB995-7D10-429D-A847-E23F53A5E286}"
EndProject
Project("{FAE04EC0-301F-11D3-BF4B-00C04F79EFBC}") = "dptnet.Api", "Code\dptnet.Api\dptnet.Api.csproj", "{F4B59DE7-AC2E-4DC6-9573-E6E787EE42FD}"
EndProject
Project("{FAE04EC0-301F-11D3-BF4B-00C04F79EFBC}") = "dptnet.Business", "Code\dptnet.Business\dptnet.Business.csproj", "{2BD23021-333E-47CC-BC7D-C6D9A2E46C1C}"
EndProject
Project("{FAE04EC0-301F-11D3-BF4B-00C04F79EFBC}") = "dptnet.Data", "Code\dptnet.Data\dptnet.Data.csproj", "{361E248F-C9D2-45F8-B857-7328DB97474E}"
EndProject
Project("{FAE04EC0-301F-11D3-BF4B-00C04F79EFBC}") = "dptnet.Entities", "Code\dptnet.Entities\dptnet.Entities.csproj", "{78F03AD3-96FA-4B5D-A4A3-23F932B8BC9C}"
EndProject
Project("{FAE04EC0-301F-11D3-BF4B-00C04F79EFBC}") = "dptnet.Test.Api", "Code\dptnet.Test.Api\dptnet.Test.Api.csproj", "{F6D17813-32FB-434A-81D4-BB45B93468B2}"
EndProject
Project("{FAE04EC0-301F-11D3-BF4B-00C04F79EFBC}") = "dptnet.Test.Business", "Code\dptnet.Test.Business\dptnet.Test.Business.csproj", "{FF334D40-89E3-4388-9498-A7DCC9B7F3E1}"
EndProject
Project("{FAE04EC0-301F-11D3-BF4B-00C04F79EFBC}") = "dptnet.Test.Framework", "Code\dptnet.Test.Framework\dptnet.Test.Framework.csproj", "{4CE7BD35-5D24-43C0-99C9-0D93B242A544}"
EndProject
Project("{2150E333-8FDC-42A3-9474-1A3956D46DE8}") = "Test", "Test", "{6E8308CA-E4B2-4FF7-B93C-A626EEEA93CA}"
EndProject
Global
	GlobalSection(SolutionConfigurationPlatforms) = preSolution
		Debug|Any CPU = Debug|Any CPU
		Debug|x64 = Debug|x64
		Debug|x86 = Debug|x86
		Release|Any CPU = Release|Any CPU
		Release|x64 = Release|x64
		Release|x86 = Release|x86
	EndGlobalSection
	GlobalSection(SolutionProperties) = preSolution
		HideSolutionNode = FALSE
	EndGlobalSection
	GlobalSection(ProjectConfigurationPlatforms) = postSolution
		{F4B59DE7-AC2E-4DC6-9573-E6E787EE42FD}.Debug|Any CPU.ActiveCfg = Debug|Any CPU
		{F4B59DE7-AC2E-4DC6-9573-E6E787EE42FD}.Debug|Any CPU.Build.0 = Debug|Any CPU
		{F4B59DE7-AC2E-4DC6-9573-E6E787EE42FD}.Debug|x64.ActiveCfg = Debug|Any CPU
		{F4B59DE7-AC2E-4DC6-9573-E6E787EE42FD}.Debug|x64.Build.0 = Debug|Any CPU
		{F4B59DE7-AC2E-4DC6-9573-E6E787EE42FD}.Debug|x86.ActiveCfg = Debug|Any CPU
		{F4B59DE7-AC2E-4DC6-9573-E6E787EE42FD}.Debug|x86.Build.0 = Debug|Any CPU
		{F4B59DE7-AC2E-4DC6-9573-E6E787EE42FD}.Release|Any CPU.ActiveCfg = Release|Any CPU
		{F4B59DE7-AC2E-4DC6-9573-E6E787EE42FD}.Release|Any CPU.Build.0 = Release|Any CPU
		{F4B59DE7-AC2E-4DC6-9573-E6E787EE42FD}.Release|x64.ActiveCfg = Release|Any CPU
		{F4B59DE7-AC2E-4DC6-9573-E6E787EE42FD}.Release|x64.Build.0 = Release|Any CPU
		{F4B59DE7-AC2E-4DC6-9573-E6E787EE42FD}.Release|x86.ActiveCfg = Release|Any CPU
		{F4B59DE7-AC2E-4DC6-9573-E6E787EE42FD}.Release|x86.Build.0 = Release|Any CPU
		{2BD23021-333E-47CC-BC7D-C6D9A2E46C1C}.Debug|Any CPU.ActiveCfg = Debug|Any CPU
		{2BD23021-333E-47CC-BC7D-C6D9A2E46C1C}.Debug|Any CPU.Build.0 = Debug|Any CPU
		{2BD23021-333E-47CC-BC7D-C6D9A2E46C1C}.Debug|x64.ActiveCfg = Debug|Any CPU
		{2BD23021-333E-47CC-BC7D-C6D9A2E46C1C}.Debug|x64.Build.0 = Debug|Any CPU
		{2BD23021-333E-47CC-BC7D-C6D9A2E46C1C}.Debug|x86.ActiveCfg = Debug|Any CPU
		{2BD23021-333E-47CC-BC7D-C6D9A2E46C1C}.Debug|x86.Build.0 = Debug|Any CPU
		{2BD23021-333E-47CC-BC7D-C6D9A2E46C1C}.Release|Any CPU.ActiveCfg = Release|Any CPU
		{2BD23021-333E-47CC-BC7D-C6D9A2E46C1C}.Release|Any CPU.Build.0 = Release|Any CPU
		{2BD23021-333E-47CC-BC7D-C6D9A2E46C1C}.Release|x64.ActiveCfg = Release|Any CPU
		{2BD23021-333E-47CC-BC7D-C6D9A2E46C1C}.Release|x64.Build.0 = Release|Any CPU
		{2BD23021-333E-47CC-BC7D-C6D9A2E46C1C}.Release|x86.ActiveCfg = Release|Any CPU
		{2BD23021-333E-47CC-BC7D-C6D9A2E46C1C}.Release|x86.Build.0 = Release|Any CPU
		{361E248F-C9D2-45F8-B857-7328DB97474E}.Debug|Any CPU.ActiveCfg = Debug|Any CPU
		{361E248F-C9D2-45F8-B857-7328DB97474E}.Debug|Any CPU.Build.0 = Debug|Any CPU
		{361E248F-C9D2-45F8-B857-7328DB97474E}.Debug|x64.ActiveCfg = Debug|Any CPU
		{361E248F-C9D2-45F8-B857-7328DB97474E}.Debug|x64.Build.0 = Debug|Any CPU
		{361E248F-C9D2-45F8-B857-7328DB97474E}.Debug|x86.ActiveCfg = Debug|Any CPU
		{361E248F-C9D2-45F8-B857-7328DB97474E}.Debug|x86.Build.0 = Debug|Any CPU
		{361E248F-C9D2-45F8-B857-7328DB97474E}.Release|Any CPU.ActiveCfg = Release|Any CPU
		{361E248F-C9D2-45F8-B857-7328DB97474E}.Release|Any CPU.Build.0 = Release|Any CPU
		{361E248F-C9D2-45F8-B857-7328DB97474E}.Release|x64.ActiveCfg = Release|Any CPU
		{361E248F-C9D2-45F8-B857-7328DB97474E}.Release|x64.Build.0 = Release|Any CPU
		{361E248F-C9D2-45F8-B857-7328DB97474E}.Release|x86.ActiveCfg = Release|Any CPU
		{361E248F-C9D2-45F8-B857-7328DB97474E}.Release|x86.Build.0 = Release|Any CPU
		{78F03AD3-96FA-4B5D-A4A3-23F932B8BC9C}.Debug|Any CPU.ActiveCfg = Debug|Any CPU
		{78F03AD3-96FA-4B5D-A4A3-23F932B8BC9C}.Debug|Any CPU.Build.0 = Debug|Any CPU
		{78F03AD3-96FA-4B5D-A4A3-23F932B8BC9C}.Debug|x64.ActiveCfg = Debug|Any CPU
		{78F03AD3-96FA-4B5D-A4A3-23F932B8BC9C}.Debug|x64.Build.0 = Debug|Any CPU
		{78F03AD3-96FA-4B5D-A4A3-23F932B8BC9C}.Debug|x86.ActiveCfg = Debug|Any CPU
		{78F03AD3-96FA-4B5D-A4A3-23F932B8BC9C}.Debug|x86.Build.0 = Debug|Any CPU
		{78F03AD3-96FA-4B5D-A4A3-23F932B8BC9C}.Release|Any CPU.ActiveCfg = Release|Any CPU
		{78F03AD3-96FA-4B5D-A4A3-23F932B8BC9C}.Release|Any CPU.Build.0 = Release|Any CPU
		{78F03AD3-96FA-4B5D-A4A3-23F932B8BC9C}.Release|x64.ActiveCfg = Release|Any CPU
		{78F03AD3-96FA-4B5D-A4A3-23F932B8BC9C}.Release|x64.Build.0 = Release|Any CPU
		{78F03AD3-96FA-4B5D-A4A3-23F932B8BC9C}.Release|x86.ActiveCfg = Release|Any CPU
		{78F03AD3-96FA-4B5D-A4A3-23F932B8BC9C}.Release|x86.Build.0 = Release|Any CPU
		{F6D17813-32FB-434A-81D4-BB45B93468B2}.Debug|Any CPU.ActiveCfg = Debug|Any CPU
		{F6D17813-32FB-434A-81D4-BB45B93468B2}.Debug|Any CPU.Build.0 = Debug|Any CPU
		{F6D17813-32FB-434A-81D4-BB45B93468B2}.Debug|x64.ActiveCfg = Debug|Any CPU
		{F6D17813-32FB-434A-81D4-BB45B93468B2}.Debug|x64.Build.0 = Debug|Any CPU
		{F6D17813-32FB-434A-81D4-BB45B93468B2}.Debug|x86.ActiveCfg = Debug|Any CPU
		{F6D17813-32FB-434A-81D4-BB45B93468B2}.Debug|x86.Build.0 = Debug|Any CPU
		{F6D17813-32FB-434A-81D4-BB45B93468B2}.Release|Any CPU.ActiveCfg = Release|Any CPU
		{F6D17813-32FB-434A-81D4-BB45B93468B2}.Release|Any CPU.Build.0 = Release|Any CPU
		{F6D17813-32FB-434A-81D4-BB45B93468B2}.Release|x64.ActiveCfg = Release|Any CPU
		{F6D17813-32FB-434A-81D4-BB45B93468B2}.Release|x64.Build.0 = Release|Any CPU
		{F6D17813-32FB-434A-81D4-BB45B93468B2}.Release|x86.ActiveCfg = Release|Any CPU
		{F6D17813-32FB-434A-81D4-BB45B93468B2}.Release|x86.Build.0 = Release|Any CPU
		{FF334D40-89E3-4388-9498-A7DCC9B7F3E1}.Debug|Any CPU.ActiveCfg = Debug|Any CPU
		{FF334D40-89E3-4388-9498-A7DCC9B7F3E1}.Debug|Any CPU.Build.0 = Debug|Any CPU
		{FF334D40-89E3-4388-9498-A7DCC9B7F3E1}.Debug|x64.ActiveCfg = Debug|Any CPU
		{FF334D40-89E3-4388-9498-A7DCC9B7F3E1}.Debug|x64.Build.0 = Debug|Any CPU
		{FF334D40-89E3-4388-9498-A7DCC9B7F3E1}.Debug|x86.ActiveCfg = Debug|Any CPU
		{FF334D40-89E3-4388-9498-A7DCC9B7F3E1}.Debug|x86.Build.0 = Debug|Any CPU
		{FF334D40-89E3-4388-9498-A7DCC9B7F3E1}.Release|Any CPU.ActiveCfg = Release|Any CPU
		{FF334D40-89E3-4388-9498-A7DCC9B7F3E1}.Release|Any CPU.Build.0 = Release|Any CPU
		{FF334D40-89E3-4388-9498-A7DCC9B7F3E1}.Release|x64.ActiveCfg = Release|Any CPU
		{FF334D40-89E3-4388-9498-A7DCC9B7F3E1}.Release|x64.Build.0 = Release|Any CPU
		{FF334D40-89E3-4388-9498-A7DCC9B7F3E1}.Release|x86.ActiveCfg = Release|Any CPU
		{FF334D40-89E3-4388-9498-A7DCC9B7F3E1}.Release|x86.Build.0 = Release|Any CPU
		{4CE7BD35-5D24-43C0-99C9-0D93B242A544}.Debug|Any CPU.ActiveCfg = Debug|Any CPU
		{4CE7BD35-5D24-43C0-99C9-0D93B242A544}.Debug|Any CPU.Build.0 = Debug|Any CPU
		{4CE7BD35-5D24-43C0-99C9-0D93B242A544}.Debug|x64.ActiveCfg = Debug|Any CPU
		{4CE7BD35-5D24-43C0-99C9-0D93B242A544}.Debug|x64.Build.0 = Debug|Any CPU
		{4CE7BD35-5D24-43C0-99C9-0D93B242A544}.Debug|x86.ActiveCfg = Debug|Any CPU
		{4CE7BD35-5D24-43C0-99C9-0D93B242A544}.Debug|x86.Build.0 = Debug|Any CPU
		{4CE7BD35-5D24-43C0-99C9-0D93B242A544}.Release|Any CPU.ActiveCfg = Release|Any CPU
		{4CE7BD35-5D24-43C0-99C9-0D93B242A544}.Release|Any CPU.Build.0 = Release|Any CPU
		{4CE7BD35-5D24-43C0-99C9-0D93B242A544}.Release|x64.ActiveCfg = Release|Any CPU
		{4CE7BD35-5D24-43C0-99C9-0D93B242A544}.Release|x64.Build.0 = Release|Any CPU
		{4CE7BD35-5D24-43C0-99C9-0D93B242A544}.Release|x86.ActiveCfg = Release|Any CPU
		{4CE7BD35-5D24-43C0-99C9-0D93B242A544}.Release|x86.Build.0 = Release|Any CPU
	EndGlobalSection
	GlobalSection(NestedProjects) = preSolution
		{F4B59DE7-AC2E-4DC6-9573-E6E787EE42FD} = {B9CDB995-7D10-429D-A847-E23F53A5E286}
		{2BD23021-333E-47CC-BC7D-C6D9A2E46C1C} = {B9CDB995-7D10-429D-A847-E23F53A5E286}
		{361E248F-C9D2-45F8-B857-7328DB97474E} = {B9CDB995-7D10-429D-A847-E23F53A5E286}
		{78F03AD3-96FA-4B5D-A4A3-23F932B8BC9C} = {B9CDB995-7D10-429D-A847-E23F53A5E286}
		{F6D17813-32FB-434A-81D4-BB45B93468B2} = {6E8308CA-E4B2-4FF7-B93C-A626EEEA93CA}
		{FF334D40-89E3-4388-9498-A7DCC9B7F3E1} = {6E8308CA-E4B2-4FF7-B93C-A626EEEA93CA}
		{4CE7BD35-5D24-43C0-99C9-0D93B242A544} = {6E8308CA-E4B2-4FF7-B93C-A626EEEA93CA}
	EndGlobalSection
EndGlobal
